# This file is automatically @generated by Poetry 2.1.3 and should not be changed by hand.

[[package]]
name = "altgraph"
version = "0.17.4"
description = "Python graph (network) package"
optional = false
python-versions = "*"
groups = ["dev"]
files = [
    {file = "altgraph-0.17.4-py2.py3-none-any.whl", hash = "sha256:642743b4750de17e655e6711601b077bc6598dbfa3ba5fa2b2a35ce12b508dff"},
    {file = "altgraph-0.17.4.tar.gz", hash = "sha256:1b5afbb98f6c4dcadb2e2ae6ab9fa994bbb8c1d75f4fa96d340f9437ae454406"},
]

[[package]]
name = "linkify-it-py"
version = "2.0.3"
description = "Links recognition library with FULL unicode support."
optional = false
python-versions = ">=3.7"
groups = ["main"]
files = [
    {file = "linkify-it-py-2.0.3.tar.gz", hash = "sha256:68cda27e162e9215c17d786649d1da0021a451bdc436ef9e0fa0ba5234b9b048"},
    {file = "linkify_it_py-2.0.3-py3-none-any.whl", hash = "sha256:6bcbc417b0ac14323382aef5c5192c0075bf8a9d6b41820a2b66371eac6b6d79"},
]

[package.dependencies]
uc-micro-py = "*"

[package.extras]
benchmark = ["pytest", "pytest-benchmark"]
dev = ["black", "flake8", "isort", "pre-commit", "pyproject-flake8"]
doc = ["myst-parser", "sphinx", "sphinx-book-theme"]
test = ["coverage", "pytest", "pytest-cov"]

[[package]]
name = "macholib"
version = "1.16.3"
description = "Mach-O header analysis and editing"
optional = false
python-versions = "*"
groups = ["dev"]
markers = "sys_platform == \"darwin\""
files = [
    {file = "macholib-1.16.3-py2.py3-none-any.whl", hash = "sha256:0e315d7583d38b8c77e815b1ecbdbf504a8258d8b3e17b61165c6feb60d18f2c"},
    {file = "macholib-1.16.3.tar.gz", hash = "sha256:07ae9e15e8e4cd9a788013d81f5908b3609aa76f9b1421bae9c4d7606ec86a30"},
]

[package.dependencies]
altgraph = ">=0.17"

[[package]]
name = "markdown-it-py"
version = "3.0.0"
description = "Python port of markdown-it. Markdown parsing, done right!"
optional = false
python-versions = ">=3.8"
groups = ["main"]
files = [
    {file = "markdown-it-py-3.0.0.tar.gz", hash = "sha256:e3f60a94fa066dc52ec76661e37c851cb232d92f9886b15cb560aaada2df8feb"},
    {file = "markdown_it_py-3.0.0-py3-none-any.whl", hash = "sha256:355216845c60bd96232cd8d8c40e8f9765cc86f46880e43a8fd22dc1a1a8cab1"},
]

[package.dependencies]
linkify-it-py = {version = ">=1,<3", optional = true, markers = "extra == \"linkify\""}
mdit-py-plugins = {version = "*", optional = true, markers = "extra == \"plugins\""}
mdurl = ">=0.1,<1.0"

[package.extras]
benchmarking = ["psutil", "pytest", "pytest-benchmark"]
code-style = ["pre-commit (>=3.0,<4.0)"]
compare = ["commonmark (>=0.9,<1.0)", "markdown (>=3.4,<4.0)", "mistletoe (>=1.0,<2.0)", "mistune (>=2.0,<3.0)", "panflute (>=2.3,<3.0)"]
linkify = ["linkify-it-py (>=1,<3)"]
plugins = ["mdit-py-plugins"]
profiling = ["gprof2dot"]
rtd = ["jupyter_sphinx", "mdit-py-plugins", "myst-parser", "pyyaml", "sphinx", "sphinx-copybutton", "sphinx-design", "sphinx_book_theme"]
testing = ["coverage", "pytest", "pytest-cov", "pytest-regressions"]

[[package]]
name = "mdit-py-plugins"
version = "0.4.2"
description = "Collection of plugins for markdown-it-py"
optional = false
python-versions = ">=3.8"
groups = ["main"]
files = [
    {file = "mdit_py_plugins-0.4.2-py3-none-any.whl", hash = "sha256:0c673c3f889399a33b95e88d2f0d111b4447bdfea7f237dab2d488f459835636"},
    {file = "mdit_py_plugins-0.4.2.tar.gz", hash = "sha256:5f2cd1fdb606ddf152d37ec30e46101a60512bc0e5fa1a7002c36647b09e26b5"},
]

[package.dependencies]
markdown-it-py = ">=1.0.0,<4.0.0"

[package.extras]
code-style = ["pre-commit"]
rtd = ["myst-parser", "sphinx-book-theme"]
testing = ["coverage", "pytest", "pytest-cov", "pytest-regressions"]

[[package]]
name = "mdurl"
version = "0.1.2"
description = "Markdown URL utilities"
optional = false
python-versions = ">=3.7"
groups = ["main"]
files = [
    {file = "mdurl-0.1.2-py3-none-any.whl", hash = "sha256:84008a41e51615a49fc9966191ff91509e3c40b939176e643fd50a5c2196b8f8"},
    {file = "mdurl-0.1.2.tar.gz", hash = "sha256:bb413d29f5eea38f31dd4754dd7377d4465116fb207585f97bf925588687c1ba"},
]

[[package]]
name = "packaging"
version = "25.0"
description = "Core utilities for Python packages"
optional = false
python-versions = ">=3.8"
groups = ["dev"]
files = [
    {file = "packaging-25.0-py3-none-any.whl", hash = "sha256:29572ef2b1f17581046b3a2227d5c611fb25ec70ca1ba8554b24b0e69331a484"},
    {file = "packaging-25.0.tar.gz", hash = "sha256:d443872c98d677bf60f6a1f2f8c1cb748e8fe762d2bf9d3148b5599295b0fc4f"},
]

[[package]]
name = "pefile"
version = "2023.2.7"
description = "Python PE parsing module"
optional = false
python-versions = ">=3.6.0"
groups = ["dev"]
markers = "sys_platform == \"win32\""
files = [
    {file = "pefile-2023.2.7-py3-none-any.whl", hash = "sha256:da185cd2af68c08a6cd4481f7325ed600a88f6a813bad9dea07ab3ef73d8d8d6"},
    {file = "pefile-2023.2.7.tar.gz", hash = "sha256:82e6114004b3d6911c77c3953e3838654b04511b8b66e8583db70c65998017dc"},
]

[[package]]
name = "platformdirs"
version = "4.3.8"
description = "A small Python package for determining appropriate platform-specific dirs, e.g. a `user data dir`."
optional = false
python-versions = ">=3.9"
groups = ["main"]
files = [
    {file = "platformdirs-4.3.8-py3-none-any.whl", hash = "sha256:ff7059bb7eb1179e2685604f4aaf157cfd9535242bd23742eadc3c13542139b4"},
    {file = "platformdirs-4.3.8.tar.gz", hash = "sha256:3d512d96e16bcb959a814c9f348431070822a6496326a4be0911c40b5a74c2bc"},
]

[package.extras]
docs = ["furo (>=2024.8.6)", "proselint (>=0.14)", "sphinx (>=8.1.3)", "sphinx-autodoc-typehints (>=3)"]
test = ["appdirs (==1.4.4)", "covdefaults (>=2.3)", "pytest (>=8.3.4)", "pytest-cov (>=6)", "pytest-mock (>=3.14)"]
type = ["mypy (>=1.14.1)"]

[[package]]
name = "pygments"
version = "2.19.2"
description = "Pygments is a syntax highlighting package written in Python."
optional = false
python-versions = ">=3.8"
groups = ["main"]
files = [
    {file = "pygments-2.19.2-py3-none-any.whl", hash = "sha256:86540386c03d588bb81d44bc3928634ff26449851e99741617ecb9037ee5ec0b"},
    {file = "pygments-2.19.2.tar.gz", hash = "sha256:636cb2477cec7f8952536970bc533bc43743542f70392ae026374600add5b887"},
]

[package.extras]
windows-terminal = ["colorama (>=0.4.6)"]

[[package]]
name = "pyinstaller"
version = "6.14.2"
description = "PyInstaller bundles a Python application and all its dependencies into a single package."
optional = false
python-versions = "<3.14,>=3.8"
groups = ["dev"]
files = [
    {file = "pyinstaller-6.14.2-py3-none-macosx_10_13_universal2.whl", hash = "sha256:d77d18bf5343a1afef2772393d7a489d4ec2282dee5bca549803fc0d74b78330"},
    {file = "pyinstaller-6.14.2-py3-none-manylinux2014_aarch64.whl", hash = "sha256:3fa0c391e1300a9fd7752eb1ffe2950112b88fba9d2743eee2ef218a15f4705f"},
    {file = "pyinstaller-6.14.2-py3-none-manylinux2014_i686.whl", hash = "sha256:077efb2d01d16d9c8fdda3ad52788f0fead2791c5cec9ed6ce058af7e26eb74b"},
    {file = "pyinstaller-6.14.2-py3-none-manylinux2014_ppc64le.whl", hash = "sha256:fdd2bd020a18736806a6bd5d3c4352f1209b427a96ad6c459d88aec1d90c4f21"},
    {file = "pyinstaller-6.14.2-py3-none-manylinux2014_s390x.whl", hash = "sha256:03862c6b3cf7b16843d24b529f89cd4077cbe467883cd54ce7a81940d6da09d3"},
    {file = "pyinstaller-6.14.2-py3-none-manylinux2014_x86_64.whl", hash = "sha256:78827a21ada2a848e98671852d20d74b2955b6e2aaf2359ed13a462e1a603d84"},
    {file = "pyinstaller-6.14.2-py3-none-musllinux_1_1_aarch64.whl", hash = "sha256:185710ab1503dfdfa14c43237d394d96ac183422d588294be42531480dfa6c38"},
    {file = "pyinstaller-6.14.2-py3-none-musllinux_1_1_x86_64.whl", hash = "sha256:6c673a7e761bd4a2560cfd5dbe1ccdcfe2dff304b774e6e5242fc5afed953661"},
    {file = "pyinstaller-6.14.2-py3-none-win32.whl", hash = "sha256:1697601aa788e3a52f0b5e620b4741a34b82e6f222ec6e1318b3a1349f566bb2"},
    {file = "pyinstaller-6.14.2-py3-none-win_amd64.whl", hash = "sha256:e10e0e67288d6dcb5898a917dd1d4272aa0ff33f197ad49a0e39618009d63ed9"},
    {file = "pyinstaller-6.14.2-py3-none-win_arm64.whl", hash = "sha256:69fd11ca57e572387826afaa4a1b3d4cb74927d76f231f0308c0bd7872ca5ac1"},
    {file = "pyinstaller-6.14.2.tar.gz", hash = "sha256:142cce0719e79315f0cc26400c2e5c45d9b6b17e7e0491fee444a9f8f16f4917"},
]

[package.dependencies]
altgraph = "*"
macholib = {version = ">=1.8", markers = "sys_platform == \"darwin\""}
packaging = ">=22.0"
pefile = {version = ">=2022.5.30,<2024.8.26 || >2024.8.26", markers = "sys_platform == \"win32\""}
pyinstaller-hooks-contrib = ">=2025.5"
pywin32-ctypes = {version = ">=0.2.1", markers = "sys_platform == \"win32\""}
setuptools = ">=42.0.0"

[package.extras]
completion = ["argcomplete"]
hook-testing = ["execnet (>=1.5.0)", "psutil", "pytest (>=2.7.3)"]

[[package]]
name = "pyinstaller-hooks-contrib"
version = "2025.7"
description = "Community maintained hooks for PyInstaller"
optional = false
python-versions = ">=3.8"
groups = ["dev"]
files = [
    {file = "pyinstaller_hooks_contrib-2025.7-py3-none-any.whl", hash = "sha256:ba4fecc94eb761de2015cd8b1e674354e8a1f13ba65047602912f34c20fb510b"},
    {file = "pyinstaller_hooks_contrib-2025.7.tar.gz", hash = "sha256:b0c19dbe9a8428665d2c5c4538eaa16b683579aabd7f2ecd31f41b116c4e4e57"},
]

[package.dependencies]
packaging = ">=22.0"
setuptools = ">=42.0.0"

[[package]]
name = "pyperclip"
version = "1.9.0"
description = "A cross-platform clipboard module for Python. (Only handles plain text for now.)"
optional = false
python-versions = "*"
groups = ["main"]
files = [
    {file = "pyperclip-1.9.0.tar.gz", hash = "sha256:b7de0142ddc81bfc5c7507eea19da920b92252b548b96186caf94a5e2527d310"},
]

[[package]]
name = "pywin32-ctypes"
version = "0.2.3"
description = "A (partial) reimplementation of pywin32 using ctypes/cffi"
optional = false
python-versions = ">=3.6"
groups = ["dev"]
markers = "sys_platform == \"win32\""
files = [
    {file = "pywin32-ctypes-0.2.3.tar.gz", hash = "sha256:d162dc04946d704503b2edc4d55f3dba5c1d539ead017afa00142c38b9885755"},
    {file = "pywin32_ctypes-0.2.3-py3-none-any.whl", hash = "sha256:8a1513379d709975552d202d942d9837758905c8d01eb82b8bcc30918929e7b8"},
]

[[package]]
name = "pyyaml"
version = "6.0.2"
description = "YAML parser and emitter for Python"
optional = false
python-versions = ">=3.8"
groups = ["main"]
files = [
    {file = "PyYAML-6.0.2-cp310-cp310-macosx_10_9_x86_64.whl", hash = "sha256:0a9a2848a5b7feac301353437eb7d5957887edbf81d56e903999a75a3d743086"},
    {file = "PyYAML-6.0.2-cp310-cp310-macosx_11_0_arm64.whl", hash = "sha256:29717114e51c84ddfba879543fb232a6ed60086602313ca38cce623c1d62cfbf"},
    {file = "PyYAML-6.0.2-cp310-cp310-manylinux_2_17_aarch64.manylinux2014_aarch64.whl", hash = "sha256:8824b5a04a04a047e72eea5cec3bc266db09e35de6bdfe34c9436ac5ee27d237"},
    {file = "PyYAML-6.0.2-cp310-cp310-manylinux_2_17_s390x.manylinux2014_s390x.whl", hash = "sha256:7c36280e6fb8385e520936c3cb3b8042851904eba0e58d277dca80a5cfed590b"},
    {file = "PyYAML-6.0.2-cp310-cp310-manylinux_2_17_x86_64.manylinux2014_x86_64.whl", hash = "sha256:ec031d5d2feb36d1d1a24380e4db6d43695f3748343d99434e6f5f9156aaa2ed"},
    {file = "PyYAML-6.0.2-cp310-cp310-musllinux_1_1_aarch64.whl", hash = "sha256:936d68689298c36b53b29f23c6dbb74de12b4ac12ca6cfe0e047bedceea56180"},
    {file = "PyYAML-6.0.2-cp310-cp310-musllinux_1_1_x86_64.whl", hash = "sha256:23502f431948090f597378482b4812b0caae32c22213aecf3b55325e049a6c68"},
    {file = "PyYAML-6.0.2-cp310-cp310-win32.whl", hash = "sha256:2e99c6826ffa974fe6e27cdb5ed0021786b03fc98e5ee3c5bfe1fd5015f42b99"},
    {file = "PyYAML-6.0.2-cp310-cp310-win_amd64.whl", hash = "sha256:a4d3091415f010369ae4ed1fc6b79def9416358877534caf6a0fdd2146c87a3e"},
    {file = "PyYAML-6.0.2-cp311-cp311-macosx_10_9_x86_64.whl", hash = "sha256:cc1c1159b3d456576af7a3e4d1ba7e6924cb39de8f67111c735f6fc832082774"},
    {file = "PyYAML-6.0.2-cp311-cp311-macosx_11_0_arm64.whl", hash = "sha256:1e2120ef853f59c7419231f3bf4e7021f1b936f6ebd222406c3b60212205d2ee"},
    {file = "PyYAML-6.0.2-cp311-cp311-manylinux_2_17_aarch64.manylinux2014_aarch64.whl", hash = "sha256:5d225db5a45f21e78dd9358e58a98702a0302f2659a3c6cd320564b75b86f47c"},
    {file = "PyYAML-6.0.2-cp311-cp311-manylinux_2_17_s390x.manylinux2014_s390x.whl", hash = "sha256:5ac9328ec4831237bec75defaf839f7d4564be1e6b25ac710bd1a96321cc8317"},
    {file = "PyYAML-6.0.2-cp311-cp311-manylinux_2_17_x86_64.manylinux2014_x86_64.whl", hash = "sha256:3ad2a3decf9aaba3d29c8f537ac4b243e36bef957511b4766cb0057d32b0be85"},
    {file = "PyYAML-6.0.2-cp311-cp311-musllinux_1_1_aarch64.whl", hash = "sha256:ff3824dc5261f50c9b0dfb3be22b4567a6f938ccce4587b38952d85fd9e9afe4"},
    {file = "PyYAML-6.0.2-cp311-cp311-musllinux_1_1_x86_64.whl", hash = "sha256:797b4f722ffa07cc8d62053e4cff1486fa6dc094105d13fea7b1de7d8bf71c9e"},
    {file = "PyYAML-6.0.2-cp311-cp311-win32.whl", hash = "sha256:11d8f3dd2b9c1207dcaf2ee0bbbfd5991f571186ec9cc78427ba5bd32afae4b5"},
    {file = "PyYAML-6.0.2-cp311-cp311-win_amd64.whl", hash = "sha256:e10ce637b18caea04431ce14fabcf5c64a1c61ec9c56b071a4b7ca131ca52d44"},
    {file = "PyYAML-6.0.2-cp312-cp312-macosx_10_9_x86_64.whl", hash = "sha256:c70c95198c015b85feafc136515252a261a84561b7b1d51e3384e0655ddf25ab"},
    {file = "PyYAML-6.0.2-cp312-cp312-macosx_11_0_arm64.whl", hash = "sha256:ce826d6ef20b1bc864f0a68340c8b3287705cae2f8b4b1d932177dcc76721725"},
    {file = "PyYAML-6.0.2-cp312-cp312-manylinux_2_17_aarch64.manylinux2014_aarch64.whl", hash = "sha256:1f71ea527786de97d1a0cc0eacd1defc0985dcf6b3f17bb77dcfc8c34bec4dc5"},
    {file = "PyYAML-6.0.2-cp312-cp312-manylinux_2_17_s390x.manylinux2014_s390x.whl", hash = "sha256:9b22676e8097e9e22e36d6b7bda33190d0d400f345f23d4065d48f4ca7ae0425"},
    {file = "PyYAML-6.0.2-cp312-cp312-manylinux_2_17_x86_64.manylinux2014_x86_64.whl", hash = "sha256:80bab7bfc629882493af4aa31a4cfa43a4c57c83813253626916b8c7ada83476"},
    {file = "PyYAML-6.0.2-cp312-cp312-musllinux_1_1_aarch64.whl", hash = "sha256:0833f8694549e586547b576dcfaba4a6b55b9e96098b36cdc7ebefe667dfed48"},
    {file = "PyYAML-6.0.2-cp312-cp312-musllinux_1_1_x86_64.whl", hash = "sha256:8b9c7197f7cb2738065c481a0461e50ad02f18c78cd75775628afb4d7137fb3b"},
    {file = "PyYAML-6.0.2-cp312-cp312-win32.whl", hash = "sha256:ef6107725bd54b262d6dedcc2af448a266975032bc85ef0172c5f059da6325b4"},
    {file = "PyYAML-6.0.2-cp312-cp312-win_amd64.whl", hash = "sha256:7e7401d0de89a9a855c839bc697c079a4af81cf878373abd7dc625847d25cbd8"},
    {file = "PyYAML-6.0.2-cp313-cp313-macosx_10_13_x86_64.whl", hash = "sha256:efdca5630322a10774e8e98e1af481aad470dd62c3170801852d752aa7a783ba"},
    {file = "PyYAML-6.0.2-cp313-cp313-macosx_11_0_arm64.whl", hash = "sha256:50187695423ffe49e2deacb8cd10510bc361faac997de9efef88badc3bb9e2d1"},
    {file = "PyYAML-6.0.2-cp313-cp313-manylinux_2_17_aarch64.manylinux2014_aarch64.whl", hash = "sha256:0ffe8360bab4910ef1b9e87fb812d8bc0a308b0d0eef8c8f44e0254ab3b07133"},
    {file = "PyYAML-6.0.2-cp313-cp313-manylinux_2_17_s390x.manylinux2014_s390x.whl", hash = "sha256:17e311b6c678207928d649faa7cb0d7b4c26a0ba73d41e99c4fff6b6c3276484"},
    {file = "PyYAML-6.0.2-cp313-cp313-manylinux_2_17_x86_64.manylinux2014_x86_64.whl", hash = "sha256:70b189594dbe54f75ab3a1acec5f1e3faa7e8cf2f1e08d9b561cb41b845f69d5"},
    {file = "PyYAML-6.0.2-cp313-cp313-musllinux_1_1_aarch64.whl", hash = "sha256:41e4e3953a79407c794916fa277a82531dd93aad34e29c2a514c2c0c5fe971cc"},
    {file = "PyYAML-6.0.2-cp313-cp313-musllinux_1_1_x86_64.whl", hash = "sha256:68ccc6023a3400877818152ad9a1033e3db8625d899c72eacb5a668902e4d652"},
    {file = "PyYAML-6.0.2-cp313-cp313-win32.whl", hash = "sha256:bc2fa7c6b47d6bc618dd7fb02ef6fdedb1090ec036abab80d4681424b84c1183"},
    {file = "PyYAML-6.0.2-cp313-cp313-win_amd64.whl", hash = "sha256:8388ee1976c416731879ac16da0aff3f63b286ffdd57cdeb95f3f2e085687563"},
    {file = "PyYAML-6.0.2-cp38-cp38-macosx_10_9_x86_64.whl", hash = "sha256:24471b829b3bf607e04e88d79542a9d48bb037c2267d7927a874e6c205ca7e9a"},
    {file = "PyYAML-6.0.2-cp38-cp38-manylinux_2_17_aarch64.manylinux2014_aarch64.whl", hash = "sha256:d7fded462629cfa4b685c5416b949ebad6cec74af5e2d42905d41e257e0869f5"},
    {file = "PyYAML-6.0.2-cp38-cp38-manylinux_2_17_s390x.manylinux2014_s390x.whl", hash = "sha256:d84a1718ee396f54f3a086ea0a66d8e552b2ab2017ef8b420e92edbc841c352d"},
    {file = "PyYAML-6.0.2-cp38-cp38-manylinux_2_17_x86_64.manylinux2014_x86_64.whl", hash = "sha256:9056c1ecd25795207ad294bcf39f2db3d845767be0ea6e6a34d856f006006083"},
    {file = "PyYAML-6.0.2-cp38-cp38-musllinux_1_1_x86_64.whl", hash = "sha256:82d09873e40955485746739bcb8b4586983670466c23382c19cffecbf1fd8706"},
    {file = "PyYAML-6.0.2-cp38-cp38-win32.whl", hash = "sha256:43fa96a3ca0d6b1812e01ced1044a003533c47f6ee8aca31724f78e93ccc089a"},
    {file = "PyYAML-6.0.2-cp38-cp38-win_amd64.whl", hash = "sha256:01179a4a8559ab5de078078f37e5c1a30d76bb88519906844fd7bdea1b7729ff"},
    {file = "PyYAML-6.0.2-cp39-cp39-macosx_10_9_x86_64.whl", hash = "sha256:688ba32a1cffef67fd2e9398a2efebaea461578b0923624778664cc1c914db5d"},
    {file = "PyYAML-6.0.2-cp39-cp39-macosx_11_0_arm64.whl", hash = "sha256:a8786accb172bd8afb8be14490a16625cbc387036876ab6ba70912730faf8e1f"},
    {file = "PyYAML-6.0.2-cp39-cp39-manylinux_2_17_aarch64.manylinux2014_aarch64.whl", hash = "sha256:d8e03406cac8513435335dbab54c0d385e4a49e4945d2909a581c83647ca0290"},
    {file = "PyYAML-6.0.2-cp39-cp39-manylinux_2_17_s390x.manylinux2014_s390x.whl", hash = "sha256:f753120cb8181e736c57ef7636e83f31b9c0d1722c516f7e86cf15b7aa57ff12"},
    {file = "PyYAML-6.0.2-cp39-cp39-manylinux_2_17_x86_64.manylinux2014_x86_64.whl", hash = "sha256:3b1fdb9dc17f5a7677423d508ab4f243a726dea51fa5e70992e59a7411c89d19"},
    {file = "PyYAML-6.0.2-cp39-cp39-musllinux_1_1_aarch64.whl", hash = "sha256:0b69e4ce7a131fe56b7e4d770c67429700908fc0752af059838b1cfb41960e4e"},
    {file = "PyYAML-6.0.2-cp39-cp39-musllinux_1_1_x86_64.whl", hash = "sha256:a9f8c2e67970f13b16084e04f134610fd1d374bf477b17ec1599185cf611d725"},
    {file = "PyYAML-6.0.2-cp39-cp39-win32.whl", hash = "sha256:6395c297d42274772abc367baaa79683958044e5d3835486c16da75d2a694631"},
    {file = "PyYAML-6.0.2-cp39-cp39-win_amd64.whl", hash = "sha256:39693e1f8320ae4f43943590b49779ffb98acb81f788220ea932a6b6c51004d8"},
    {file = "pyyaml-6.0.2.tar.gz", hash = "sha256:d584d9ec91ad65861cc08d42e834324ef890a082e591037abe114850ff7bbc3e"},
]

[[package]]
name = "rich"
version = "14.1.0"
description = "Render rich text, tables, progress bars, syntax highlighting, markdown and more to the terminal"
optional = false
python-versions = ">=3.8.0"
groups = ["main"]
files = [
    {file = "rich-14.1.0-py3-none-any.whl", hash = "sha256:536f5f1785986d6dbdea3c75205c473f970777b4a0d6c6dd1b696aa05a3fa04f"},
    {file = "rich-14.1.0.tar.gz", hash = "sha256:e497a48b844b0320d45007cdebfeaeed8db2a4f4bcf49f15e455cfc4af11eaa8"},
]

[package.dependencies]
markdown-it-py = ">=2.2.0"
pygments = ">=2.13.0,<3.0.0"

[package.extras]
jupyter = ["ipywidgets (>=7.5.1,<9)"]

[[package]]
name = "setuptools"
version = "80.9.0"
description = "Easily download, build, install, upgrade, and uninstall Python packages"
optional = false
python-versions = ">=3.9"
groups = ["dev"]
files = [
    {file = "setuptools-80.9.0-py3-none-any.whl", hash = "sha256:062d34222ad13e0cc312a4c02d73f059e86a4acbfbdea8f8f76b28c99f306922"},
    {file = "setuptools-80.9.0.tar.gz", hash = "sha256:f36b47402ecde768dbfafc46e8e4207b4360c654f1f3bb84475f0a28628fb19c"},
]

[package.extras]
check = ["pytest-checkdocs (>=2.4)", "pytest-ruff (>=0.2.1) ; sys_platform != \"cygwin\"", "ruff (>=0.8.0) ; sys_platform != \"cygwin\""]
core = ["importlib_metadata (>=6) ; python_version < \"3.10\"", "jaraco.functools (>=4)", "jaraco.text (>=3.7)", "more_itertools", "more_itertools (>=8.8)", "packaging (>=24.2)", "platformdirs (>=4.2.2)", "tomli (>=2.0.1) ; python_version < \"3.11\"", "wheel (>=0.43.0)"]
cover = ["pytest-cov"]
doc = ["furo", "jaraco.packaging (>=9.3)", "jaraco.tidelift (>=1.4)", "pygments-github-lexers (==0.0.5)", "pyproject-hooks (!=1.1)", "rst.linker (>=1.9)", "sphinx (>=3.5)", "sphinx-favicon", "sphinx-inline-tabs", "sphinx-lint", "sphinx-notfound-page (>=1,<2)", "sphinx-reredirects", "sphinxcontrib-towncrier", "towncrier (<24.7)"]
enabler = ["pytest-enabler (>=2.2)"]
test = ["build[virtualenv] (>=1.0.3)", "filelock (>=3.4.0)", "ini2toml[lite] (>=0.14)", "jaraco.develop (>=7.21) ; python_version >= \"3.9\" and sys_platform != \"cygwin\"", "jaraco.envs (>=2.2)", "jaraco.path (>=3.7.2)", "jaraco.test (>=5.5)", "packaging (>=24.2)", "pip (>=19.1)", "pyproject-hooks (!=1.1)", "pytest (>=6,!=8.1.*)", "pytest-home (>=0.5)", "pytest-perf ; sys_platform != \"cygwin\"", "pytest-subprocess", "pytest-timeout", "pytest-xdist (>=3)", "tomli-w (>=1.0.0)", "virtualenv (>=13.0.0)", "wheel (>=0.44.0)"]
type = ["importlib_metadata (>=7.0.2) ; python_version < \"3.10\"", "jaraco.develop (>=7.21) ; sys_platform != \"cygwin\"", "mypy (==1.14.*)", "pytest-mypy"]

[[package]]
name = "textual"
version = "3.7.0"
description = "Modern Text User Interface framework"
optional = false
python-versions = "<4.0.0,>=3.8.1"
groups = ["main"]
files = [
    {file = "textual-3.7.0-py3-none-any.whl", hash = "sha256:761352ada0427ef7e5405c0b01d9df6fafd773cba09338955249a8b45988c3fc"},
    {file = "textual-3.7.0.tar.gz", hash = "sha256:d5cb710b4691a2d9b9075ff2dc9ebecf2d8369c893af3354dad344960c91d7c9"},
]

[package.dependencies]
markdown-it-py = {version = ">=2.1.0", extras = ["linkify", "plugins"]}
platformdirs = ">=3.6.0,<5"
rich = ">=13.3.3"
typing-extensions = ">=4.4.0,<5.0.0"

[package.extras]
syntax = ["tree-sitter (>=0.23.0) ; python_version >= \"3.9\"", "tree-sitter-bash (>=0.23.0) ; python_version >= \"3.9\"", "tree-sitter-css (>=0.23.0) ; python_version >= \"3.9\"", "tree-sitter-go (>=0.23.0) ; python_version >= \"3.9\"", "tree-sitter-html (>=0.23.0) ; python_version >= \"3.9\"", "tree-sitter-java (>=0.23.0) ; python_version >= \"3.9\"", "tree-sitter-javascript (>=0.23.0) ; python_version >= \"3.9\"", "tree-sitter-json (>=0.24.0) ; python_version >= \"3.9\"", "tree-sitter-markdown (>=0.3.0) ; python_version >= \"3.9\"", "tree-sitter-python (>=0.23.0) ; python_version >= \"3.9\"", "tree-sitter-regex (>=0.24.0) ; python_version >= \"3.9\"", "tree-sitter-rust (>=0.23.0,<=0.23.2) ; python_version >= \"3.9\"", "tree-sitter-sql (>=0.3.0,<0.3.8) ; python_version >= \"3.9\"", "tree-sitter-toml (>=0.6.0) ; python_version >= \"3.9\"", "tree-sitter-xml (>=0.7.0) ; python_version >= \"3.9\"", "tree-sitter-yaml (>=0.6.0) ; python_version >= \"3.9\""]

[[package]]
name = "tree-sitter"
version = "0.25.0"
description = "Python bindings to the Tree-sitter parsing library"
optional = false
python-versions = ">=3.10"
groups = ["main"]
files = [
    {file = "tree-sitter-0.25.0.tar.gz", hash = "sha256:15c88775cf24db06677bafe62df058a6457d8a6dde67baa48dd3723b905e79a6"},
    {file = "tree_sitter-0.25.0-cp310-cp310-macosx_10_9_x86_64.whl", hash = "sha256:05fa57c9d9f951e9e806689caff9a809e2a8c4477ee23ff41a5e65122bbeb4c3"},
    {file = "tree_sitter-0.25.0-cp310-cp310-macosx_11_0_arm64.whl", hash = "sha256:cd55cb2c2f311693694c6eee409b163246e9a809ede49371963ace8c93d77ad1"},
    {file = "tree_sitter-0.25.0-cp310-cp310-manylinux2014_aarch64.manylinux_2_17_aarch64.manylinux_2_28_aarch64.whl", hash = "sha256:5892ecb52b14b00605c6960af42d212c65610a0de3ae986208619fa42b676bad"},
    {file = "tree_sitter-0.25.0-cp310-cp310-manylinux2014_x86_64.manylinux_2_17_x86_64.manylinux_2_28_x86_64.whl", hash = "sha256:c3ec6a4ac2170af965e5b41bb603a5b0406ca8d93dac83d388c2246f0eef606a"},
    {file = "tree_sitter-0.25.0-cp310-cp310-musllinux_1_2_x86_64.whl", hash = "sha256:d34bb4dda0518c07f6ea7880a463da338b2b72ce7c66bf32dc54f2ddcaf8463d"},
    {file = "tree_sitter-0.25.0-cp310-cp310-win_amd64.whl", hash = "sha256:5aad12ceb86745946a74e63a3cf5e111684589acb3d647e5ce40637e89714c48"},
    {file = "tree_sitter-0.25.0-cp310-cp310-win_arm64.whl", hash = "sha256:6ea484eec5e6538fdbabdd3c737d5f5250602e12dc9a33ed3b8e6a400ca115be"},
    {file = "tree_sitter-0.25.0-cp311-cp311-macosx_10_9_x86_64.whl", hash = "sha256:5409a3be1010a483a9a8d5c64fdd20de7ea3e9c0c080e91e492a10a659bcac40"},
    {file = "tree_sitter-0.25.0-cp311-cp311-macosx_11_0_arm64.whl", hash = "sha256:aa1cd26faff9b3514e456cc0f4f0eb6b11bfdeec9a40ba8d55ee5a75d57566cb"},
    {file = "tree_sitter-0.25.0-cp311-cp311-manylinux2014_aarch64.manylinux_2_17_aarch64.manylinux_2_28_aarch64.whl", hash = "sha256:ddf745c668df39e4ef9a28fba4be4ecea990522e940b8e5bc656704c689b38ac"},
    {file = "tree_sitter-0.25.0-cp311-cp311-manylinux2014_x86_64.manylinux_2_17_x86_64.manylinux_2_28_x86_64.whl", hash = "sha256:b39e177822dda5b42f2b6235af0a66c92ab6f1674f07d0e7b51be73957193370"},
    {file = "tree_sitter-0.25.0-cp311-cp311-musllinux_1_2_x86_64.whl", hash = "sha256:992cd17f97eae3245786160db4902f7b8106186aa18b9fcb873a86688e4d4dc8"},
    {file = "tree_sitter-0.25.0-cp311-cp311-win_amd64.whl", hash = "sha256:14a138fe341348e7801c0afb580970597477fc68a0d0f6c780fc0a07eae2770e"},
    {file = "tree_sitter-0.25.0-cp311-cp311-win_arm64.whl", hash = "sha256:332e235eba90423edc6e83cc4a5dc60e91c03ace6c1d8729d0f2e0ca09210845"},
    {file = "tree_sitter-0.25.0-cp312-cp312-macosx_10_13_x86_64.whl", hash = "sha256:d9efacce0140ad74f97e027fb4ae693debff05f6246f3e024937f9500a0e874a"},
    {file = "tree_sitter-0.25.0-cp312-cp312-macosx_11_0_arm64.whl", hash = "sha256:82b4a5535107d2b8feee085edcafa89858faa4e1a98e94cfe1740c0ca8c28d84"},
    {file = "tree_sitter-0.25.0-cp312-cp312-manylinux2014_aarch64.manylinux_2_17_aarch64.manylinux_2_28_aarch64.whl", hash = "sha256:c613372545490dfba3b3e7d934fda1156e3d16b27c0335c65a92f2b4fa6af5da"},
    {file = "tree_sitter-0.25.0-cp312-cp312-manylinux2014_x86_64.manylinux_2_17_x86_64.manylinux_2_28_x86_64.whl", hash = "sha256:241a90c815a354594d3147012ce470cfc797695ab768e29198815e147ef3c165"},
    {file = "tree_sitter-0.25.0-cp312-cp312-musllinux_1_2_x86_64.whl", hash = "sha256:6f0b01b5068f1888af223021ba461480df28c76f39893c8113aae2154a2b81fd"},
    {file = "tree_sitter-0.25.0-cp312-cp312-win_amd64.whl", hash = "sha256:1807bd1dae1f50721d65b270e6ffa85de84234ae39f98f4da702db56c2627e23"},
    {file = "tree_sitter-0.25.0-cp312-cp312-win_arm64.whl", hash = "sha256:7848be6aeab5c1d62d649506d80d0e463727cb1bb55f423e88bf317db0be8d67"},
    {file = "tree_sitter-0.25.0-cp313-cp313-macosx_10_13_x86_64.whl", hash = "sha256:689a19d51103f727a545ec9ba9cd377267445859838c38ec55d159dc57e82e8a"},
    {file = "tree_sitter-0.25.0-cp313-cp313-macosx_11_0_arm64.whl", hash = "sha256:86288b218ef958dcafe40030d6d70c99baffaf808bd81b49de160f9724fc0ba4"},
    {file = "tree_sitter-0.25.0-cp313-cp313-manylinux2014_aarch64.manylinux_2_17_aarch64.manylinux_2_28_aarch64.whl", hash = "sha256:5241610319177ee2f68b8e719bf1e1b309155e126d9cd567ff84f20878d7e5d0"},
    {file = "tree_sitter-0.25.0-cp313-cp313-manylinux2014_x86_64.manylinux_2_17_x86_64.manylinux_2_28_x86_64.whl", hash = "sha256:ae1553d652a54926f80dc0a42fba07db110bb1a3ebaf47d1c4c64f8d44dd8207"},
    {file = "tree_sitter-0.25.0-cp313-cp313-musllinux_1_2_x86_64.whl", hash = "sha256:ccac581551407a73a519b872553973598b69d3d237ffaf32408fb38ecb775484"},
    {file = "tree_sitter-0.25.0-cp313-cp313-win_amd64.whl", hash = "sha256:d58e912869514ebb441b15c22a13a9c78f1b69be15f6a42b1d18e3f790e5d6ba"},
    {file = "tree_sitter-0.25.0-cp313-cp313-win_arm64.whl", hash = "sha256:a1b8302161fa8da52cfafcd7575fa7d5806a9608a0b51c7a1fe45bfe70b62d46"},
]

[package.extras]
docs = ["sphinx (>=8.1,<9.0)", "sphinx-book-theme"]
tests = ["tree-sitter-html (>=0.23.2)", "tree-sitter-javascript (>=0.23.1)", "tree-sitter-json (>=0.24.8)", "tree-sitter-python (>=0.23.6)", "tree-sitter-rust (>=0.23.2)"]

[[package]]
name = "typing-extensions"
version = "4.14.1"
description = "Backported and Experimental Type Hints for Python 3.9+"
optional = false
python-versions = ">=3.9"
groups = ["main"]
files = [
    {file = "typing_extensions-4.14.1-py3-none-any.whl", hash = "sha256:d1e1e3b58374dc93031d6eda2420a48ea44a36c2b4766a4fdeb3710755731d76"},
    {file = "typing_extensions-4.14.1.tar.gz", hash = "sha256:38b39f4aeeab64884ce9f74c94263ef78f3c22467c8724005483154c26648d36"},
]

[[package]]
name = "uc-micro-py"
version = "1.0.3"
description = "Micro subset of unicode data files for linkify-it-py projects."
optional = false
python-versions = ">=3.7"
groups = ["main"]
files = [
    {file = "uc-micro-py-1.0.3.tar.gz", hash = "sha256:d321b92cff673ec58027c04015fcaa8bb1e005478643ff4a500882eaab88c48a"},
    {file = "uc_micro_py-1.0.3-py3-none-any.whl", hash = "sha256:db1dffff340817673d7b466ec86114a9dc0e9d4d9b5ba229d9d60e5c12600cd5"},
]

[package.extras]
test = ["coverage", "pytest", "pytest-cov"]

[[package]]
name = "xdg"
version = "6.0.0"
description = "Variables defined by the XDG Base Directory Specification"
optional = false
python-versions = ">=3.7,<4.0"
groups = ["main"]
files = [
    {file = "xdg-6.0.0-py3-none-any.whl", hash = "sha256:df3510755b4395157fc04fc3b02467c777f3b3ca383257397f09ab0d4c16f936"},
    {file = "xdg-6.0.0.tar.gz", hash = "sha256:24278094f2d45e846d1eb28a2ebb92d7b67fc0cab5249ee3ce88c95f649a1c92"},
]

[metadata]
lock-version = "2.1"
python-versions = ">=3.12,<3.14.0"
content-hash = "3342198e69313c905ae7594d5f9baa918b033282aff6459d52a3070f2a7f34f3"
